
Microsoft Visual Studio Solution File, Format Version 12.00
# Visual Studio Version 16
VisualStudioVersion = 16.0.28930.63
MinimumVisualStudioVersion = 10.0.40219.1
Project("{FAE04EC0-301F-11D3-BF4B-00C04F79EFBC}") = "Algorithms", "Algorithms.csproj", "{8732473B-9069-4515-A61F-D55F2778458C}"
EndProject
Global
	GlobalSection(SolutionConfigurationPlatforms) = preSolution
		Debug|Any CPU = Debug|Any CPU
		Release|Any CPU = Release|Any CPU
	EndGlobalSection
	GlobalSection(ProjectConfigurationPlatforms) = postSolution
		{8732473B-9069-4515-A61F-D55F2778458C}.Debug|Any CPU.ActiveCfg = Debug|Any CPU
		{8732473B-9069-4515-A61F-D55F2778458C}.Debug|Any CPU.Build.0 = Debug|Any CPU
		{8732473B-9069-4515-A61F-D55F2778458C}.Release|Any CPU.ActiveCfg = Release|Any CPU
		{8732473B-9069-4515-A61F-D55F2778458C}.Release|Any CPU.Build.0 = Release|Any CPU
	EndGlobalSection
	GlobalSection(SolutionProperties) = preSolution
		HideSolutionNode = FALSE
	EndGlobalSection
	GlobalSection(ExtensibilityGlobals) = postSolution
		SolutionGuid = {3A2B995C-C1DF-4B60-8DC2-211256F6A9BC}
	EndGlobalSection
EndGlobal
